
Microsoft Visual Studio Solution File, Format Version 12.00
# Visual Studio Version 17
VisualStudioVersion = 17.4.33103.184
MinimumVisualStudioVersion = 10.0.40219.1
Project("{FAE04EC0-301F-11D3-BF4B-00C04F79EFBC}") = "AttributesProject", "AttributesProject\AttributesProject.csproj", "{5D454B4C-7556-4332-A5EC-A5373A996FC6}"
EndProject
Global
	GlobalSection(SolutionConfigurationPlatforms) = preSolution
		Debug|Any CPU = Debug|Any CPU
		Release|Any CPU = Release|Any CPU
	EndGlobalSection
	GlobalSection(ProjectConfigurationPlatforms) = postSolution
		{5D454B4C-7556-4332-A5EC-A5373A996FC6}.Debug|Any CPU.ActiveCfg = Debug|Any CPU
		{5D454B4C-7556-4332-A5EC-A5373A996FC6}.Debug|Any CPU.Build.0 = Debug|Any CPU
		{5D454B4C-7556-4332-A5EC-A5373A996FC6}.Release|Any CPU.ActiveCfg = Release|Any CPU
		{5D454B4C-7556-4332-A5EC-A5373A996FC6}.Release|Any CPU.Build.0 = Release|Any CPU
	EndGlobalSection
	GlobalSection(SolutionProperties) = preSolution
		HideSolutionNode = FALSE
	EndGlobalSection
	GlobalSection(ExtensibilityGlobals) = postSolution
		SolutionGuid = {3D746D59-8AAD-4864-9D32-DCDE64D313C0}
	EndGlobalSection
EndGlobal
